{
  "name": "super-secure-revamp",
  "version": "1.0.0",
  "lockfileVersion": 1,
  "requires": true,
  "dependencies": {
    "antiheck": {
      "version": "1.33.9",
      "resolved": "https://registry.npmjs.org/antiheck/-/antiheck-1.33.9.tgz",
      "integrity": "sha512-sJPAvTeNmM4jH/3J+SDa3QYoc8Wsp5QZHHV2XpqnLiInzx2J82TNhBuciHNxqtKq0QnhInMWF+3EN/btiDrp/Q=="
    }
  }
}
